
Microsoft Visual Studio Solution File, Format Version 12.00
# Visual Studio Version 17
VisualStudioVersion = 17.5.33530.505
MinimumVisualStudioVersion = 10.0.40219.1
Project("{9A19103F-16F7-4668-BE54-9A1E7A4F7556}") = "TestForum.API", "TestForum.API\TestForum.API.csproj", "{8F9DD8F9-EBAC-41AF-A81A-6F25F262C4BD}"
EndProject
Project("{9A19103F-16F7-4668-BE54-9A1E7A4F7556}") = "TestForum.DatabaseContext", "TestForum.DatabaseContext\TestForum.DatabaseContext.csproj", "{DFD8EFC3-252E-44CB-AC3F-D9E0E16D3636}"
EndProject
Global
	GlobalSection(SolutionConfigurationPlatforms) = preSolution
		Debug|Any CPU = Debug|Any CPU
		Release|Any CPU = Release|Any CPU
	EndGlobalSection
	GlobalSection(ProjectConfigurationPlatforms) = postSolution
		{8F9DD8F9-EBAC-41AF-A81A-6F25F262C4BD}.Debug|Any CPU.ActiveCfg = Debug|Any CPU
		{8F9DD8F9-EBAC-41AF-A81A-6F25F262C4BD}.Debug|Any CPU.Build.0 = Debug|Any CPU
		{8F9DD8F9-EBAC-41AF-A81A-6F25F262C4BD}.Release|Any CPU.ActiveCfg = Release|Any CPU
		{8F9DD8F9-EBAC-41AF-A81A-6F25F262C4BD}.Release|Any CPU.Build.0 = Release|Any CPU
		{DFD8EFC3-252E-44CB-AC3F-D9E0E16D3636}.Debug|Any CPU.ActiveCfg = Debug|Any CPU
		{DFD8EFC3-252E-44CB-AC3F-D9E0E16D3636}.Debug|Any CPU.Build.0 = Debug|Any CPU
		{DFD8EFC3-252E-44CB-AC3F-D9E0E16D3636}.Release|Any CPU.ActiveCfg = Release|Any CPU
		{DFD8EFC3-252E-44CB-AC3F-D9E0E16D3636}.Release|Any CPU.Build.0 = Release|Any CPU
	EndGlobalSection
	GlobalSection(SolutionProperties) = preSolution
		HideSolutionNode = FALSE
	EndGlobalSection
	GlobalSection(ExtensibilityGlobals) = postSolution
		SolutionGuid = {1A99FAE6-6679-4522-8878-AA997C1B7F83}
	EndGlobalSection
EndGlobal
